// !$*UTF8*$!
{
	archiveVersion = 1;
	classes = {
	};
	objectVersion = 50;
	objects = {

/* Begin PBXBuildFile section */
		2FD355862253EEC500B4B007 /* Game.swift in Sources */ = {isa = PBXBuildFile; fileRef = 2FD355852253EEC500B4B007 /* Game.swift */; };
		2FFF6F2C225134290091EC7E /* main.swift in Sources */ = {isa = PBXBuildFile; fileRef = 2FFF6F2B225134290091EC7E /* main.swift */; };
		2FFF6F35225135140091EC7E /* Team.swift in Sources */ = {isa = PBXBuildFile; fileRef = 2FFF6F34225135140091EC7E /* Team.swift */; };
		2FFF6F3822513AF70091EC7E /* Warrior.swift in Sources */ = {isa = PBXBuildFile; fileRef = 2FFF6F3722513AF70091EC7E /* Warrior.swift */; };
		2FFF6F3A22513B020091EC7E /* Magician.swift in Sources */ = {isa = PBXBuildFile; fileRef = 2FFF6F3922513B020091EC7E /* Magician.swift */; };
		2FFF6F3C22513B0B0091EC7E /* Colossus.swift in Sources */ = {isa = PBXBuildFile; fileRef = 2FFF6F3B22513B0B0091EC7E /* Colossus.swift */; };
		2FFF6F3E22513B130091EC7E /* Dwarf.swift in Sources */ = {isa = PBXBuildFile; fileRef = 2FFF6F3D22513B130091EC7E /* Dwarf.swift */; };
		2FFF6F4022513CA60091EC7E /* Character.swift in Sources */ = {isa = PBXBuildFile; fileRef = 2FFF6F3F22513CA60091EC7E /* Character.swift */; };
/* End PBXBuildFile section */

/* Begin PBXCopyFilesBuildPhase section */
		2FFF6F26225134290091EC7E /* CopyFiles */ = {
			isa = PBXCopyFilesBuildPhase;
			buildActionMask = 2147483647;
			dstPath = /usr/share/man/man1/;
			dstSubfolderSpec = 0;
			files = (
			);
			runOnlyForDeploymentPostprocessing = 1;
		};
/* End PBXCopyFilesBuildPhase section */

/* Begin PBXFileReference section */
		2FD355852253EEC500B4B007 /* Game.swift */ = {isa = PBXFileReference; lastKnownFileType = sourcecode.swift; path = Game.swift; sourceTree = "<group>"; };
		2FFF6F28225134290091EC7E /* Game-P3 */ = {isa = PBXFileReference; explicitFileType = "compiled.mach-o.executable"; includeInIndex = 0; path = "Game-P3"; sourceTree = BUILT_PRODUCTS_DIR; };
		2FFF6F2B225134290091EC7E /* main.swift */ = {isa = PBXFileReference; lastKnownFileType = sourcecode.swift; path = main.swift; sourceTree = "<group>"; };
		2FFF6F34225135140091EC7E /* Team.swift */ = {isa = PBXFileReference; lastKnownFileType = sourcecode.swift; path = Team.swift; sourceTree = "<group>"; };
		2FFF6F3722513AF70091EC7E /* Warrior.swift */ = {isa = PBXFileReference; lastKnownFileType = sourcecode.swift; path = Warrior.swift; sourceTree = "<group>"; };
		2FFF6F3922513B020091EC7E /* Magician.swift */ = {isa = PBXFileReference; lastKnownFileType = sourcecode.swift; path = Magician.swift; sourceTree = "<group>"; };
		2FFF6F3B22513B0B0091EC7E /* Colossus.swift */ = {isa = PBXFileReference; lastKnownFileType = sourcecode.swift; path = Colossus.swift; sourceTree = "<group>"; };
		2FFF6F3D22513B130091EC7E /* Dwarf.swift */ = {isa = PBXFileReference; lastKnownFileType = sourcecode.swift; path = Dwarf.swift; sourceTree = "<group>"; };
		2FFF6F3F22513CA60091EC7E /* Character.swift */ = {isa = PBXFileReference; lastKnownFileType = sourcecode.swift; path = Character.swift; sourceTree = "<group>"; };
/* End PBXFileReference section */

/* Begin PBXFrameworksBuildPhase section */
		2FFF6F25225134290091EC7E /* Frameworks */ = {
			isa = PBXFrameworksBuildPhase;
			buildActionMask = 2147483647;
			files = (
			);
			runOnlyForDeploymentPostprocessing = 0;
		};
/* End PBXFrameworksBuildPhase section */

/* Begin PBXGroup section */
		2FD35587225660F900B4B007 /* Team */ = {
			isa = PBXGroup;
			children = (
				2FFF6F34225135140091EC7E /* Team.swift */,
			);
			path = Team;
			sourceTree = "<group>";
		};
		2FFF6F1F225134290091EC7E = {
			isa = PBXGroup;
			children = (
				2FFF6F2A225134290091EC7E /* Game-P3 */,
				2FFF6F29225134290091EC7E /* Products */,
			);
			sourceTree = "<group>";
		};
		2FFF6F29225134290091EC7E /* Products */ = {
			isa = PBXGroup;
			children = (
				2FFF6F28225134290091EC7E /* Game-P3 */,
			);
			name = Products;
			sourceTree = "<group>";
		};
		2FFF6F2A225134290091EC7E /* Game-P3 */ = {
			isa = PBXGroup;
			children = (
				2FFF6F2B225134290091EC7E /* main.swift */,
				2FD355852253EEC500B4B007 /* Game.swift */,
				2FD35587225660F900B4B007 /* Team */,
				2FFF6F3622513AD10091EC7E /* Characters */,
			);
			path = "Game-P3";
			sourceTree = "<group>";
		};
		2FFF6F3622513AD10091EC7E /* Characters */ = {
			isa = PBXGroup;
			children = (
				2FFF6F3722513AF70091EC7E /* Warrior.swift */,
				2FFF6F3F22513CA60091EC7E /* Character.swift */,
				2FFF6F3922513B020091EC7E /* Magician.swift */,
				2FFF6F3B22513B0B0091EC7E /* Colossus.swift */,
				2FFF6F3D22513B130091EC7E /* Dwarf.swift */,
			);
			path = Characters;
			sourceTree = "<group>";
		};
/* End PBXGroup section */

/* Begin PBXNativeTarget section */
		2FFF6F27225134290091EC7E /* Game-P3 */ = {
			isa = PBXNativeTarget;
			buildConfigurationList = 2FFF6F2F225134290091EC7E /* Build configuration list for PBXNativeTarget "Game-P3" */;
			buildPhases = (
				2FFF6F24225134290091EC7E /* Sources */,
				2FFF6F25225134290091EC7E /* Frameworks */,
				2FFF6F26225134290091EC7E /* CopyFiles */,
			);
			buildRules = (
			);
			dependencies = (
			);
			name = "Game-P3";
			productName = "Game-P3";
			productReference = 2FFF6F28225134290091EC7E /* Game-P3 */;
			productType = "com.apple.product-type.tool";
		};
/* End PBXNativeTarget section */

/* Begin PBXProject section */
		2FFF6F20225134290091EC7E /* Project object */ = {
			isa = PBXProject;
			attributes = {
				LastSwiftUpdateCheck = 1020;
				LastUpgradeCheck = 1020;
				ORGANIZATIONNAME = "Elodie-Anne Parquer";
				TargetAttributes = {
					2FFF6F27225134290091EC7E = {
						CreatedOnToolsVersion = 10.2;
					};
				};
			};
			buildConfigurationList = 2FFF6F23225134290091EC7E /* Build configuration list for PBXProject "Game-P3" */;
			compatibilityVersion = "Xcode 9.3";
			developmentRegion = en;
			hasScannedForEncodings = 0;
			knownRegions = (
				en,
			);
			mainGroup = 2FFF6F1F225134290091EC7E;
			productRefGroup = 2FFF6F29225134290091EC7E /* Products */;
			projectDirPath = "";
			projectRoot = "";
			targets = (
				2FFF6F27225134290091EC7E /* Game-P3 */,
			);
		};
/* End PBXProject section */

/* Begin PBXSourcesBuildPhase section */
		2FFF6F24225134290091EC7E /* Sources */ = {
			isa = PBXSourcesBuildPhase;
			buildActionMask = 2147483647;
			files = (
				2FFF6F35225135140091EC7E /* Team.swift in Sources */,
				2FD355862253EEC500B4B007 /* Game.swift in Sources */,
				2FFF6F3822513AF70091EC7E /* Warrior.swift in Sources */,
				2FFF6F2C225134290091EC7E /* main.swift in Sources */,
				2FFF6F4022513CA60091EC7E /* Character.swift in Sources */,
				2FFF6F3E22513B130091EC7E /* Dwarf.swift in Sources */,
				2FFF6F3C22513B0B0091EC7E /* Colossus.swift in Sources */,
				2FFF6F3A22513B020091EC7E /* Magician.swift in Sources */,
			);
			runOnlyForDeploymentPostprocessing = 0;
		};
/* End PBXSourcesBuildPhase section */

/* Begin XCBuildConfiguration section */
		2FFF6F2D225134290091EC7E /* Debug */ = {
			isa = XCBuildConfiguration;
			buildSettings = {
				ALWAYS_SEARCH_USER_PATHS = NO;
				CLANG_ANALYZER_NONNULL = YES;
				CLANG_ANALYZER_NUMBER_OBJECT_CONVERSION = YES_AGGRESSIVE;
				CLANG_CXX_LANGUAGE_STANDARD = "gnu++14";
				CLANG_CXX_LIBRARY = "libc++";
				CLANG_ENABLE_MODULES = YES;
				CLANG_ENABLE_OBJC_ARC = YES;
				CLANG_ENABLE_OBJC_WEAK = YES;
				CLANG_WARN_BLOCK_CAPTURE_AUTORELEASING = YES;
				CLANG_WARN_BOOL_CONVERSION = YES;
				CLANG_WARN_COMMA = YES;
				CLANG_WARN_CONSTANT_CONVERSION = YES;
				CLANG_WARN_DEPRECATED_OBJC_IMPLEMENTATIONS = YES;
				CLANG_WARN_DIRECT_OBJC_ISA_USAGE = YES_ERROR;
				CLANG_WARN_DOCUMENTATION_COMMENTS = YES;
				CLANG_WARN_EMPTY_BODY = YES;
				CLANG_WARN_ENUM_CONVERSION = YES;
				CLANG_WARN_INFINITE_RECURSION = YES;
				CLANG_WARN_INT_CONVERSION = YES;
				CLANG_WARN_NON_LITERAL_NULL_CONVERSION = YES;
				CLANG_WARN_OBJC_IMPLICIT_RETAIN_SELF = YES;
				CLANG_WARN_OBJC_LITERAL_CONVERSION = YES;
				CLANG_WARN_OBJC_ROOT_CLASS = YES_ERROR;
				CLANG_WARN_RANGE_LOOP_ANALYSIS = YES;
				CLANG_WARN_STRICT_PROTOTYPES = YES;
				CLANG_WARN_SUSPICIOUS_MOVE = YES;
				CLANG_WARN_UNGUARDED_AVAILABILITY = YES_AGGRESSIVE;
				CLANG_WARN_UNREACHABLE_CODE = YES;
				CLANG_WARN__DUPLICATE_METHOD_MATCH = YES;
				CODE_SIGN_IDENTITY = "-";
				COPY_PHASE_STRIP = NO;
				DEBUG_INFORMATION_FORMAT = dwarf;
				ENABLE_STRICT_OBJC_MSGSEND = YES;
				ENABLE_TESTABILITY = YES;
				GCC_C_LANGUAGE_STANDARD = gnu11;
				GCC_DYNAMIC_NO_PIC = NO;
				GCC_NO_COMMON_BLOCKS = YES;
				GCC_OPTIMIZATION_LEVEL = 0;
				GCC_PREPROCESSOR_DEFINITIONS = (
					"DEBUG=1",
					"$(inherited)",
				);
				GCC_WARN_64_TO_32_BIT_CONVERSION = YES;
				GCC_WARN_ABOUT_RETURN_TYPE = YES_ERROR;
				GCC_WARN_UNDECLARED_SELECTOR = YES;
				GCC_WARN_UNINITIALIZED_AUTOS = YES_AGGRESSIVE;
				GCC_WARN_UNUSED_FUNCTION = YES;
				GCC_WARN_UNUSED_VARIABLE = YES;
				MACOSX_DEPLOYMENT_TARGET = 10.14;
				MTL_ENABLE_DEBUG_INFO = INCLUDE_SOURCE;
				MTL_FAST_MATH = YES;
				ONLY_ACTIVE_ARCH = YES;
				SDKROOT = macosx;
				SWIFT_ACTIVE_COMPILATION_CONDITIONS = DEBUG;
				SWIFT_OPTIMIZATION_LEVEL = "-Onone";
			};
			name = Debug;
		};
		2FFF6F2E225134290091EC7E /* Release */ = {
			isa = XCBuildConfiguration;
			buildSettings = {
				ALWAYS_SEARCH_USER_PATHS = NO;
				CLANG_ANALYZER_NONNULL = YES;
				CLANG_ANALYZER_NUMBER_OBJECT_CONVERSION = YES_AGGRESSIVE;
				CLANG_CXX_LANGUAGE_STANDARD = "gnu++14";
				CLANG_CXX_LIBRARY = "libc++";
				CLANG_ENABLE_MODULES = YES;
				CLANG_ENABLE_OBJC_ARC = YES;
				CLANG_ENABLE_OBJC_WEAK = YES;
				CLANG_WARN_BLOCK_CAPTURE_AUTORELEASING = YES;
				CLANG_WARN_BOOL_CONVERSION = YES;
				CLANG_WARN_COMMA = YES;
				CLANG_WARN_CONSTANT_CONVERSION = YES;
				CLANG_WARN_DEPRECATED_OBJC_IMPLEMENTATIONS = YES;
				CLANG_WARN_DIRECT_OBJC_ISA_USAGE = YES_ERROR;
				CLANG_WARN_DOCUMENTATION_COMMENTS = YES;
				CLANG_WARN_EMPTY_BODY = YES;
				CLANG_WARN_ENUM_CONVERSION = YES;
				CLANG_WARN_INFINITE_RECURSION = YES;
				CLANG_WARN_INT_CONVERSION = YES;
				CLANG_WARN_NON_LITERAL_NULL_CONVERSION = YES;
				CLANG_WARN_OBJC_IMPLICIT_RETAIN_SELF = YES;
				CLANG_WARN_OBJC_LITERAL_CONVERSION = YES;
				CLANG_WARN_OBJC_ROOT_CLASS = YES_ERROR;
				CLANG_WARN_RANGE_LOOP_ANALYSIS = YES;
				CLANG_WARN_STRICT_PROTOTYPES = YES;
				CLANG_WARN_SUSPICIOUS_MOVE = YES;
				CLANG_WARN_UNGUARDED_AVAILABILITY = YES_AGGRESSIVE;
				CLANG_WARN_UNREACHABLE_CODE = YES;
				CLANG_WARN__DUPLICATE_METHOD_MATCH = YES;
				CODE_SIGN_IDENTITY = "-";
				COPY_PHASE_STRIP = NO;
				DEBUG_INFORMATION_FORMAT = "dwarf-with-dsym";
				ENABLE_NS_ASSERTIONS = NO;
				ENABLE_STRICT_OBJC_MSGSEND = YES;
				GCC_C_LANGUAGE_STANDARD = gnu11;
				GCC_NO_COMMON_BLOCKS = YES;
				GCC_WARN_64_TO_32_BIT_CONVERSION = YES;
				GCC_WARN_ABOUT_RETURN_TYPE = YES_ERROR;
				GCC_WARN_UNDECLARED_SELECTOR = YES;
				GCC_WARN_UNINITIALIZED_AUTOS = YES_AGGRESSIVE;
				GCC_WARN_UNUSED_FUNCTION = YES;
				GCC_WARN_UNUSED_VARIABLE = YES;
				MACOSX_DEPLOYMENT_TARGET = 10.14;
				MTL_ENABLE_DEBUG_INFO = NO;
				MTL_FAST_MATH = YES;
				SDKROOT = macosx;
				SWIFT_COMPILATION_MODE = wholemodule;
				SWIFT_OPTIMIZATION_LEVEL = "-O";
			};
			name = Release;
		};
		2FFF6F30225134290091EC7E /* Debug */ = {
			isa = XCBuildConfiguration;
			buildSettings = {
				CODE_SIGN_STYLE = Automatic;
				PRODUCT_NAME = "$(TARGET_NAME)";
				SWIFT_VERSION = 5.0;
			};
			name = Debug;
		};
		2FFF6F31225134290091EC7E /* Release */ = {
			isa = XCBuildConfiguration;
			buildSettings = {
				CODE_SIGN_STYLE = Automatic;
				PRODUCT_NAME = "$(TARGET_NAME)";
				SWIFT_VERSION = 5.0;
			};
			name = Release;
		};
/* End XCBuildConfiguration section */

/* Begin XCConfigurationList section */
		2FFF6F23225134290091EC7E /* Build configuration list for PBXProject "Game-P3" */ = {
			isa = XCConfigurationList;
			buildConfigurations = (
				2FFF6F2D225134290091EC7E /* Debug */,
				2FFF6F2E225134290091EC7E /* Release */,
			);
			defaultConfigurationIsVisible = 0;
			defaultConfigurationName = Release;
		};
		2FFF6F2F225134290091EC7E /* Build configuration list for PBXNativeTarget "Game-P3" */ = {
			isa = XCConfigurationList;
			buildConfigurations = (
				2FFF6F30225134290091EC7E /* Debug */,
				2FFF6F31225134290091EC7E /* Release */,
			);
			defaultConfigurationIsVisible = 0;
			defaultConfigurationName = Release;
		};
/* End XCConfigurationList section */
	};
	rootObject = 2FFF6F20225134290091EC7E /* Project object */;
}
